
Microsoft Visual Studio Solution File, Format Version 12.00
# Visual Studio Version 17
VisualStudioVersion = 17.13.35806.99 d17.13
MinimumVisualStudioVersion = 10.0.40219.1
Project("{FAE04EC0-301F-11D3-BF4B-00C04F79EFBC}") = "CustomAttributeExample", "CustomAttributeExample.csproj", "{78719636-CD82-4C9A-92EF-832A5FB01B02}"
EndProject
Global
	GlobalSection(SolutionConfigurationPlatforms) = preSolution
		Debug|Any CPU = Debug|Any CPU
		Release|Any CPU = Release|Any CPU
	EndGlobalSection
	GlobalSection(ProjectConfigurationPlatforms) = postSolution
		{78719636-CD82-4C9A-92EF-832A5FB01B02}.Debug|Any CPU.ActiveCfg = Debug|Any CPU
		{78719636-CD82-4C9A-92EF-832A5FB01B02}.Debug|Any CPU.Build.0 = Debug|Any CPU
		{78719636-CD82-4C9A-92EF-832A5FB01B02}.Release|Any CPU.ActiveCfg = Release|Any CPU
		{78719636-CD82-4C9A-92EF-832A5FB01B02}.Release|Any CPU.Build.0 = Release|Any CPU
	EndGlobalSection
	GlobalSection(SolutionProperties) = preSolution
		HideSolutionNode = FALSE
	EndGlobalSection
	GlobalSection(ExtensibilityGlobals) = postSolution
		SolutionGuid = {B5F0A316-5068-48D9-AB8A-8CA7B845163C}
	EndGlobalSection
EndGlobal
